
Microsoft Visual Studio Solution File, Format Version 12.00
# Visual Studio Version 16
VisualStudioVersion = 16.0.29920.165
MinimumVisualStudioVersion = 10.0.40219.1
Project("{9A19103F-16F7-4668-BE54-9A1E7A4F7556}") = "SLN.WEB", "SLN.WEB\SLN.WEB.csproj", "{EC8F7B45-2B04-4E95-B3D8-5454FDD50439}"
EndProject
Project("{FAE04EC0-301F-11D3-BF4B-00C04F79EFBC}") = "SLN.Models", "SLN.Models\SLN.Models.csproj", "{8432C406-586A-4918-A26B-3F6EE28CD042}"
EndProject
Project("{FAE04EC0-301F-11D3-BF4B-00C04F79EFBC}") = "SLN.Services", "SLN.Services\SLN.Services.csproj", "{19BD3DAB-90C4-4219-AA28-27E68BCB2A03}"
EndProject
Global
	GlobalSection(SolutionConfigurationPlatforms) = preSolution
		Debug|Any CPU = Debug|Any CPU
		Release|Any CPU = Release|Any CPU
	EndGlobalSection
	GlobalSection(ProjectConfigurationPlatforms) = postSolution
		{EC8F7B45-2B04-4E95-B3D8-5454FDD50439}.Debug|Any CPU.ActiveCfg = Debug|Any CPU
		{EC8F7B45-2B04-4E95-B3D8-5454FDD50439}.Debug|Any CPU.Build.0 = Debug|Any CPU
		{EC8F7B45-2B04-4E95-B3D8-5454FDD50439}.Release|Any CPU.ActiveCfg = Release|Any CPU
		{EC8F7B45-2B04-4E95-B3D8-5454FDD50439}.Release|Any CPU.Build.0 = Release|Any CPU
		{8432C406-586A-4918-A26B-3F6EE28CD042}.Debug|Any CPU.ActiveCfg = Debug|Any CPU
		{8432C406-586A-4918-A26B-3F6EE28CD042}.Debug|Any CPU.Build.0 = Debug|Any CPU
		{8432C406-586A-4918-A26B-3F6EE28CD042}.Release|Any CPU.ActiveCfg = Release|Any CPU
		{8432C406-586A-4918-A26B-3F6EE28CD042}.Release|Any CPU.Build.0 = Release|Any CPU
		{19BD3DAB-90C4-4219-AA28-27E68BCB2A03}.Debug|Any CPU.ActiveCfg = Debug|Any CPU
		{19BD3DAB-90C4-4219-AA28-27E68BCB2A03}.Debug|Any CPU.Build.0 = Debug|Any CPU
		{19BD3DAB-90C4-4219-AA28-27E68BCB2A03}.Release|Any CPU.ActiveCfg = Release|Any CPU
		{19BD3DAB-90C4-4219-AA28-27E68BCB2A03}.Release|Any CPU.Build.0 = Release|Any CPU
	EndGlobalSection
	GlobalSection(SolutionProperties) = preSolution
		HideSolutionNode = FALSE
	EndGlobalSection
	GlobalSection(ExtensibilityGlobals) = postSolution
		SolutionGuid = {A7DA81F4-C036-4B91-BEEE-E0BCB3A712CB}
	EndGlobalSection
EndGlobal
